
Microsoft Visual Studio Solution File, Format Version 12.00
# Visual Studio Version 16
VisualStudioVersion = 16.0.30011.22
MinimumVisualStudioVersion = 10.0.40219.1
Project("{FAE04EC0-301F-11D3-BF4B-00C04F79EFBC}") = "SeleniumBingTests", "SeleniumBingTests\SeleniumBingTests.csproj", "{FE3303ED-15E5-4EAC-B67E-898D12D3C31B}"
EndProject
Global
	GlobalSection(SolutionConfigurationPlatforms) = preSolution
		Debug|Any CPU = Debug|Any CPU
		Release|Any CPU = Release|Any CPU
	EndGlobalSection
	GlobalSection(ProjectConfigurationPlatforms) = postSolution
		{FE3303ED-15E5-4EAC-B67E-898D12D3C31B}.Debug|Any CPU.ActiveCfg = Debug|Any CPU
		{FE3303ED-15E5-4EAC-B67E-898D12D3C31B}.Debug|Any CPU.Build.0 = Debug|Any CPU
		{FE3303ED-15E5-4EAC-B67E-898D12D3C31B}.Release|Any CPU.ActiveCfg = Release|Any CPU
		{FE3303ED-15E5-4EAC-B67E-898D12D3C31B}.Release|Any CPU.Build.0 = Release|Any CPU
	EndGlobalSection
	GlobalSection(SolutionProperties) = preSolution
		HideSolutionNode = FALSE
	EndGlobalSection
	GlobalSection(ExtensibilityGlobals) = postSolution
		SolutionGuid = {09FA3F10-84C1-488B-A096-1BD436B5354F}
	EndGlobalSection
EndGlobal
